
Microsoft Visual Studio Solution File, Format Version 12.00
# Visual Studio Version 16
VisualStudioVersion = 16.0.32002.261
MinimumVisualStudioVersion = 10.0.40219.1
Project("{FAE04EC0-301F-11D3-BF4B-00C04F79EFBC}") = "1.SortNumbers", "1.SortNumbers\1.SortNumbers.csproj", "{C5EB3383-5806-432D-A4C6-2DB3711C06CD}"
EndProject
Project("{FAE04EC0-301F-11D3-BF4B-00C04F79EFBC}") = "2.EnglNameOfLastDigit", "2.EnglNameOfLastDigit\2.EnglNameOfLastDigit.csproj", "{B89E9A8D-C1B4-4E7E-AA75-57039A693C17}"
EndProject
Global
	GlobalSection(SolutionConfigurationPlatforms) = preSolution
		Debug|Any CPU = Debug|Any CPU
		Release|Any CPU = Release|Any CPU
	EndGlobalSection
	GlobalSection(ProjectConfigurationPlatforms) = postSolution
		{C5EB3383-5806-432D-A4C6-2DB3711C06CD}.Debug|Any CPU.ActiveCfg = Debug|Any CPU
		{C5EB3383-5806-432D-A4C6-2DB3711C06CD}.Debug|Any CPU.Build.0 = Debug|Any CPU
		{C5EB3383-5806-432D-A4C6-2DB3711C06CD}.Release|Any CPU.ActiveCfg = Release|Any CPU
		{C5EB3383-5806-432D-A4C6-2DB3711C06CD}.Release|Any CPU.Build.0 = Release|Any CPU
		{B89E9A8D-C1B4-4E7E-AA75-57039A693C17}.Debug|Any CPU.ActiveCfg = Debug|Any CPU
		{B89E9A8D-C1B4-4E7E-AA75-57039A693C17}.Debug|Any CPU.Build.0 = Debug|Any CPU
		{B89E9A8D-C1B4-4E7E-AA75-57039A693C17}.Release|Any CPU.ActiveCfg = Release|Any CPU
		{B89E9A8D-C1B4-4E7E-AA75-57039A693C17}.Release|Any CPU.Build.0 = Release|Any CPU
	EndGlobalSection
	GlobalSection(SolutionProperties) = preSolution
		HideSolutionNode = FALSE
	EndGlobalSection
	GlobalSection(ExtensibilityGlobals) = postSolution
		SolutionGuid = {42F515DC-C8B7-4D7E-B835-8BC5F717ED50}
	EndGlobalSection
EndGlobal
