
Microsoft Visual Studio Solution File, Format Version 12.00
# Visual Studio Version 16
VisualStudioVersion = 16.0.32002.261
MinimumVisualStudioVersion = 10.0.40219.1
Project("{FAE04EC0-301F-11D3-BF4B-00C04F79EFBC}") = "01.DataTypes", "01.DataTypes\01.DataTypes.csproj", "{6FF314C4-CF3B-47FD-AB28-5BE3BA1720C9}"
EndProject
Global
	GlobalSection(SolutionConfigurationPlatforms) = preSolution
		Debug|Any CPU = Debug|Any CPU
		Release|Any CPU = Release|Any CPU
	EndGlobalSection
	GlobalSection(ProjectConfigurationPlatforms) = postSolution
		{6FF314C4-CF3B-47FD-AB28-5BE3BA1720C9}.Debug|Any CPU.ActiveCfg = Debug|Any CPU
		{6FF314C4-CF3B-47FD-AB28-5BE3BA1720C9}.Debug|Any CPU.Build.0 = Debug|Any CPU
		{6FF314C4-CF3B-47FD-AB28-5BE3BA1720C9}.Release|Any CPU.ActiveCfg = Release|Any CPU
		{6FF314C4-CF3B-47FD-AB28-5BE3BA1720C9}.Release|Any CPU.Build.0 = Release|Any CPU
	EndGlobalSection
	GlobalSection(SolutionProperties) = preSolution
		HideSolutionNode = FALSE
	EndGlobalSection
	GlobalSection(ExtensibilityGlobals) = postSolution
		SolutionGuid = {709EF15A-AAB6-4415-B412-D6AD3A73DBC3}
	EndGlobalSection
EndGlobal
