
Microsoft Visual Studio Solution File, Format Version 12.00
# Visual Studio Version 16
VisualStudioVersion = 16.0.32510.428
MinimumVisualStudioVersion = 10.0.40219.1
Project("{FAE04EC0-301F-11D3-BF4B-00C04F79EFBC}") = "01.Furniture", "01.Furniture\01.Furniture.csproj", "{D3BB5835-FA08-4B58-94C7-90AE0CEE3B7E}"
EndProject
Project("{FAE04EC0-301F-11D3-BF4B-00C04F79EFBC}") = "02.Race", "02.Race\02.Race.csproj", "{0501AEEA-3CC2-4D51-B338-A92669B59BEA}"
EndProject
Project("{FAE04EC0-301F-11D3-BF4B-00C04F79EFBC}") = "03.SoftUniBarIncome", "03.SoftUniBarIncome\03.SoftUniBarIncome.csproj", "{F40E363C-C1A1-4709-BF3E-264C7B61B975}"
EndProject
Global
	GlobalSection(SolutionConfigurationPlatforms) = preSolution
		Debug|Any CPU = Debug|Any CPU
		Release|Any CPU = Release|Any CPU
	EndGlobalSection
	GlobalSection(ProjectConfigurationPlatforms) = postSolution
		{D3BB5835-FA08-4B58-94C7-90AE0CEE3B7E}.Debug|Any CPU.ActiveCfg = Debug|Any CPU
		{D3BB5835-FA08-4B58-94C7-90AE0CEE3B7E}.Debug|Any CPU.Build.0 = Debug|Any CPU
		{D3BB5835-FA08-4B58-94C7-90AE0CEE3B7E}.Release|Any CPU.ActiveCfg = Release|Any CPU
		{D3BB5835-FA08-4B58-94C7-90AE0CEE3B7E}.Release|Any CPU.Build.0 = Release|Any CPU
		{0501AEEA-3CC2-4D51-B338-A92669B59BEA}.Debug|Any CPU.ActiveCfg = Debug|Any CPU
		{0501AEEA-3CC2-4D51-B338-A92669B59BEA}.Debug|Any CPU.Build.0 = Debug|Any CPU
		{0501AEEA-3CC2-4D51-B338-A92669B59BEA}.Release|Any CPU.ActiveCfg = Release|Any CPU
		{0501AEEA-3CC2-4D51-B338-A92669B59BEA}.Release|Any CPU.Build.0 = Release|Any CPU
		{F40E363C-C1A1-4709-BF3E-264C7B61B975}.Debug|Any CPU.ActiveCfg = Debug|Any CPU
		{F40E363C-C1A1-4709-BF3E-264C7B61B975}.Debug|Any CPU.Build.0 = Debug|Any CPU
		{F40E363C-C1A1-4709-BF3E-264C7B61B975}.Release|Any CPU.ActiveCfg = Release|Any CPU
		{F40E363C-C1A1-4709-BF3E-264C7B61B975}.Release|Any CPU.Build.0 = Release|Any CPU
	EndGlobalSection
	GlobalSection(SolutionProperties) = preSolution
		HideSolutionNode = FALSE
	EndGlobalSection
	GlobalSection(ExtensibilityGlobals) = postSolution
		SolutionGuid = {452AA5D6-93BD-4C30-931C-4752860593D6}
	EndGlobalSection
EndGlobal
