
Microsoft Visual Studio Solution File, Format Version 12.00
# Visual Studio Version 16
VisualStudioVersion = 16.0.32510.428
MinimumVisualStudioVersion = 10.0.40219.1
Project("{FAE04EC0-301F-11D3-BF4B-00C04F79EFBC}") = "01.Task-Arrays", "01.Task\01.Task-Arrays.csproj", "{089D83A1-A5AF-4CCE-B927-7E8714513998}"
EndProject
Project("{FAE04EC0-301F-11D3-BF4B-00C04F79EFBC}") = "02.Task-Arrays", "02.Task-Arrays\02.Task-Arrays.csproj", "{01DD2BFF-3D78-4721-A8F2-F5D7CEF9DFF7}"
EndProject
Project("{FAE04EC0-301F-11D3-BF4B-00C04F79EFBC}") = "03.Task-Arrays", "03.Task-Arrays\03.Task-Arrays.csproj", "{46DFA4C7-C27A-42A6-9F15-398764901788}"
EndProject
Global
	GlobalSection(SolutionConfigurationPlatforms) = preSolution
		Debug|Any CPU = Debug|Any CPU
		Release|Any CPU = Release|Any CPU
	EndGlobalSection
	GlobalSection(ProjectConfigurationPlatforms) = postSolution
		{089D83A1-A5AF-4CCE-B927-7E8714513998}.Debug|Any CPU.ActiveCfg = Debug|Any CPU
		{089D83A1-A5AF-4CCE-B927-7E8714513998}.Debug|Any CPU.Build.0 = Debug|Any CPU
		{089D83A1-A5AF-4CCE-B927-7E8714513998}.Release|Any CPU.ActiveCfg = Release|Any CPU
		{089D83A1-A5AF-4CCE-B927-7E8714513998}.Release|Any CPU.Build.0 = Release|Any CPU
		{01DD2BFF-3D78-4721-A8F2-F5D7CEF9DFF7}.Debug|Any CPU.ActiveCfg = Debug|Any CPU
		{01DD2BFF-3D78-4721-A8F2-F5D7CEF9DFF7}.Debug|Any CPU.Build.0 = Debug|Any CPU
		{01DD2BFF-3D78-4721-A8F2-F5D7CEF9DFF7}.Release|Any CPU.ActiveCfg = Release|Any CPU
		{01DD2BFF-3D78-4721-A8F2-F5D7CEF9DFF7}.Release|Any CPU.Build.0 = Release|Any CPU
		{46DFA4C7-C27A-42A6-9F15-398764901788}.Debug|Any CPU.ActiveCfg = Debug|Any CPU
		{46DFA4C7-C27A-42A6-9F15-398764901788}.Debug|Any CPU.Build.0 = Debug|Any CPU
		{46DFA4C7-C27A-42A6-9F15-398764901788}.Release|Any CPU.ActiveCfg = Release|Any CPU
		{46DFA4C7-C27A-42A6-9F15-398764901788}.Release|Any CPU.Build.0 = Release|Any CPU
	EndGlobalSection
	GlobalSection(SolutionProperties) = preSolution
		HideSolutionNode = FALSE
	EndGlobalSection
	GlobalSection(ExtensibilityGlobals) = postSolution
		SolutionGuid = {6410881A-186D-4596-AF4C-688D133AEB62}
	EndGlobalSection
EndGlobal
