
Microsoft Visual Studio Solution File, Format Version 12.00
# Visual Studio Version 16
VisualStudioVersion = 16.0.32002.261
MinimumVisualStudioVersion = 10.0.40219.1
Project("{FAE04EC0-301F-11D3-BF4B-00C04F79EFBC}") = "01.SmallestOfThreeNumbers", "01.SmallestOfThreeNumbers\01.SmallestOfThreeNumbers.csproj", "{C566A55E-706E-40DE-98A2-049FA55ED85F}"
EndProject
Global
	GlobalSection(SolutionConfigurationPlatforms) = preSolution
		Debug|Any CPU = Debug|Any CPU
		Release|Any CPU = Release|Any CPU
	EndGlobalSection
	GlobalSection(ProjectConfigurationPlatforms) = postSolution
		{C566A55E-706E-40DE-98A2-049FA55ED85F}.Debug|Any CPU.ActiveCfg = Debug|Any CPU
		{C566A55E-706E-40DE-98A2-049FA55ED85F}.Debug|Any CPU.Build.0 = Debug|Any CPU
		{C566A55E-706E-40DE-98A2-049FA55ED85F}.Release|Any CPU.ActiveCfg = Release|Any CPU
		{C566A55E-706E-40DE-98A2-049FA55ED85F}.Release|Any CPU.Build.0 = Release|Any CPU
	EndGlobalSection
	GlobalSection(SolutionProperties) = preSolution
		HideSolutionNode = FALSE
	EndGlobalSection
	GlobalSection(ExtensibilityGlobals) = postSolution
		SolutionGuid = {E876CF04-BFE8-4DA3-9F47-A24CAE45C50C}
	EndGlobalSection
EndGlobal
